
Microsoft Visual Studio Solution File, Format Version 12.00
# Visual Studio Version 17
VisualStudioVersion = 17.6.33712.159
MinimumVisualStudioVersion = 10.0.40219.1
Project("{FAE04EC0-301F-11D3-BF4B-00C04F79EFBC}") = "Backend", "Backend\Backend.csproj", "{38BE40EA-CC3A-4D18-94AC-9B65CC947829}"
EndProject
Project("{E53339B2-1760-4266-BCC7-CA923CBCF16C}") = "docker-compose", "docker-compose.dcproj", "{194BD894-9AB9-4F0E-A8EC-F5ADCF8FBBC7}"
EndProject
Global
	GlobalSection(SolutionConfigurationPlatforms) = preSolution
		Debug|Any CPU = Debug|Any CPU
		Release|Any CPU = Release|Any CPU
	EndGlobalSection
	GlobalSection(ProjectConfigurationPlatforms) = postSolution
		{38BE40EA-CC3A-4D18-94AC-9B65CC947829}.Debug|Any CPU.ActiveCfg = Debug|Any CPU
		{38BE40EA-CC3A-4D18-94AC-9B65CC947829}.Debug|Any CPU.Build.0 = Debug|Any CPU
		{38BE40EA-CC3A-4D18-94AC-9B65CC947829}.Release|Any CPU.ActiveCfg = Release|Any CPU
		{38BE40EA-CC3A-4D18-94AC-9B65CC947829}.Release|Any CPU.Build.0 = Release|Any CPU
		{194BD894-9AB9-4F0E-A8EC-F5ADCF8FBBC7}.Debug|Any CPU.ActiveCfg = Debug|Any CPU
		{194BD894-9AB9-4F0E-A8EC-F5ADCF8FBBC7}.Debug|Any CPU.Build.0 = Debug|Any CPU
		{194BD894-9AB9-4F0E-A8EC-F5ADCF8FBBC7}.Release|Any CPU.ActiveCfg = Release|Any CPU
		{194BD894-9AB9-4F0E-A8EC-F5ADCF8FBBC7}.Release|Any CPU.Build.0 = Release|Any CPU
	EndGlobalSection
	GlobalSection(SolutionProperties) = preSolution
		HideSolutionNode = FALSE
	EndGlobalSection
	GlobalSection(ExtensibilityGlobals) = postSolution
		SolutionGuid = {270B1155-2105-4D77-BBDE-5889E1A79E2F}
	EndGlobalSection
EndGlobal
